# THIS IS AN AUTOGENERATED FILE. DO NOT EDIT THIS FILE DIRECTLY.
# yarn lockfile v1


"@turbo/darwin-64@2.8.21":
  version "2.8.21"
  resolved "https://registry.yarnpkg.com/@turbo/darwin-64/-/darwin-64-2.8.21.tgz#b821a4c6e74783f4c5b168faaed967abcdebd662"
  integrity sha512-kfGoM0Iw8ZNZpbds+4IzOe0hjvHldqJwUPRAjXJi3KBxg/QOZL95N893SRoMtf2aJ+jJ3dk32yPkp8rvcIjP9g==

"@turbo/darwin-arm64@2.8.21":
  version "2.8.21"
  resolved "https://registry.yarnpkg.com/@turbo/darwin-arm64/-/darwin-arm64-2.8.21.tgz#046bc61bf358f6dafffe8563b2d3f45e433b6630"
  integrity sha512-o9HEflxUEyr987x0cTUzZBhDOyL6u95JmdmlkH2VyxAw7zq2sdtM5e72y9ufv2N5SIoOBw1fVn9UES5VY5H6vQ==

"@turbo/linux-64@2.8.21":
  version "2.8.21"
  resolved "https://registry.yarnpkg.com/@turbo/linux-64/-/linux-64-2.8.21.tgz#db84ddd78a518c4f03202b5c9ca72e916822fdf5"
  integrity sha512-uTxlCcXWy5h1fSSymP8XSJ+AudzEHMDV3IDfKX7+DGB8kgJ+SLoTUAH7z4OFA7I/l2sznz0upPdbNNZs91YMag==

"@turbo/linux-arm64@2.8.21":
  version "2.8.21"
  resolved "https://registry.yarnpkg.com/@turbo/linux-arm64/-/linux-arm64-2.8.21.tgz#2d25a2a67602068bfbf0b81ad656a83c6a62551f"
  integrity sha512-cdHIcxNcihHHkCHp0Y4Zb60K4Qz+CK4xw1gb6s/t/9o4SMeMj+hTBCtoW6QpPnl9xPYmxuTou8Zw6+cylTnREg==

"@turbo/windows-64@2.8.21":
  version "2.8.21"
  resolved "https://registry.yarnpkg.com/@turbo/windows-64/-/windows-64-2.8.21.tgz#4b4e93b613f9f978bb6d1c6957f78e8191ae5976"
  integrity sha512-/iBj4OzbqEY8CX+eaeKbBTMZv2CLXNrt0692F7HnK7LcyYwyDecaAiSET6ZzL4opT7sbwkKvzAC/fhqT3Quu1A==

"@turbo/windows-arm64@2.8.21":
  version "2.8.21"
  resolved "https://registry.yarnpkg.com/@turbo/windows-arm64/-/windows-arm64-2.8.21.tgz#41b0eddcba10a5d3536090a7bb954ae6464528ba"
  integrity sha512-95tMA/ZbIidJFUUtkmqioQ1gf3n3I1YbRP3ZgVdWTVn2qVbkodcIdGXBKRHHrIbRsLRl99SiHi/L7IxhpZDagQ==

"@types/node@^25.5.0":
  version "25.5.0"
  resolved "https://registry.yarnpkg.com/@types/node/-/node-25.5.0.tgz#5c99f37c443d9ccc4985866913f1ed364217da31"
  integrity sha512-jp2P3tQMSxWugkCUKLRPVUpGaL5MVFwF8RDuSRztfwgN1wmqJeMSbKlnEtQqU8UrhTmzEmZdu2I6v2dpp7XIxw==
  dependencies:
    undici-types "~7.18.0"

turbo@^2.8.21:
  version "2.8.21"
  resolved "https://registry.yarnpkg.com/turbo/-/turbo-2.8.21.tgz#1242f7d98bc24291e0493e0a27fc9e037604b817"
  integrity sha512-FlJ8OD5Qcp0jTAM7E4a/RhUzRNds2GzKlyxHKA6N247VLy628rrxAGlMpIXSz6VB430+TiQDJ/SMl6PL1lu6wQ==
  optionalDependencies:
    "@turbo/darwin-64" "2.8.21"
    "@turbo/darwin-arm64" "2.8.21"
    "@turbo/linux-64" "2.8.21"
    "@turbo/linux-arm64" "2.8.21"
    "@turbo/windows-64" "2.8.21"
    "@turbo/windows-arm64" "2.8.21"

typescript@^6.0.2:
  version "6.0.2"
  resolved "https://registry.yarnpkg.com/typescript/-/typescript-6.0.2.tgz#0b1bfb15f68c64b97032f3d78abbf98bdbba501f"
  integrity sha512-bGdAIrZ0wiGDo5l8c++HWtbaNCWTS4UTv7RaTH/ThVIgjkveJt83m74bBHMJkuCbslY8ixgLBVZJIOiQlQTjfQ==

undici-types@~7.18.0:
  version "7.18.2"
  resolved "https://registry.yarnpkg.com/undici-types/-/undici-types-7.18.2.tgz#29357a89e7b7ca4aef3bf0fd3fd0cd73884229e9"
  integrity sha512-AsuCzffGHJybSaRrmr5eHr81mwJU3kjw6M+uprWvCXiNeN9SOGwQ3Jn8jb8m3Z6izVgknn1R0FTCEAP2QrLY/w==
